{
  "originHash" : "b3f1efcfcfbf444f3008e6fda05d98f47ecb505b369cf728d583daf7400b1863",
  "pins" : [
    {
      "identity" : "richswift",
      "kind" : "remoteSourceControl",
      "location" : "https://github.com/bobbyski/RichSwift.git",
      "state" : {
        "revision" : "14142ead047b563f95e177bf524e061fd2c1276e",
        "version" : "0.1.0"
      }
    },
    {
      "identity" : "swift-syntax",
      "kind" : "remoteSourceControl",
      "location" : "https://github.com/swiftlang/swift-syntax.git",
      "state" : {
        "revision" : "79e4b74a295b6eb74a8b585e3a39d29e70c1dbd1",
        "version" : "603.0.2"
      }
    }
  ],
  "version" : 3
}
